
Microsoft Visual Studio Solution File, Format Version 12.00
# Visual Studio Version 17
VisualStudioVersion = 17.6.33829.357
MinimumVisualStudioVersion = 10.0.40219.1
Project("{FAE04EC0-301F-11D3-BF4B-00C04F79EFBC}") = "ContactApp", "ContactApp.csproj", "{618D45B7-A1CA-4F5E-B61B-D45C70AD9AFF}"
EndProject
Global
	GlobalSection(SolutionConfigurationPlatforms) = preSolution
		Debug|Any CPU = Debug|Any CPU
		Release|Any CPU = Release|Any CPU
	EndGlobalSection
	GlobalSection(ProjectConfigurationPlatforms) = postSolution
		{618D45B7-A1CA-4F5E-B61B-D45C70AD9AFF}.Debug|Any CPU.ActiveCfg = Debug|Any CPU
		{618D45B7-A1CA-4F5E-B61B-D45C70AD9AFF}.Debug|Any CPU.Build.0 = Debug|Any CPU
		{618D45B7-A1CA-4F5E-B61B-D45C70AD9AFF}.Release|Any CPU.ActiveCfg = Release|Any CPU
		{618D45B7-A1CA-4F5E-B61B-D45C70AD9AFF}.Release|Any CPU.Build.0 = Release|Any CPU
	EndGlobalSection
	GlobalSection(SolutionProperties) = preSolution
		HideSolutionNode = FALSE
	EndGlobalSection
	GlobalSection(ExtensibilityGlobals) = postSolution
		SolutionGuid = {72B25310-BA99-46A6-8F58-F1A42B63E86F}
	EndGlobalSection
EndGlobal
